{
  "nodes": {
    "nixpkgs": {
      "locked": {
        "lastModified": 1777077449,
        "narHash": "sha256-AIiMJiqvGrN4HyLEbKAoCSRRYn0rnlW5VbKNIMIYqm4=",
        "rev": "a4bf06618f0b5ee50f14ed8f0da77d34ecc19160",
        "revCount": 911667,
        "type": "tarball",
        "url": "https://api.flakehub.com/f/pinned/NixOS/nixpkgs/0.2511.911667%2Brev-a4bf06618f0b5ee50f14ed8f0da77d34ecc19160/019dcae8-75b0-71d1-abd5-feab9658f0fa/source.tar.gz?rev=a4bf06618f0b5ee50f14ed8f0da77d34ecc19160&revCount=911667"
      },
      "original": {
        "type": "tarball",
        "url": "https://flakehub.com/f/NixOS/nixpkgs/0"
      }
    },
    "root": {
      "inputs": {
        "nixpkgs": "nixpkgs"
      }
    }
  },
  "root": "root",
  "version": 7
}
